
Microsoft Visual Studio Solution File, Format Version 12.00
# Visual Studio Version 16
VisualStudioVersion = 25.0.1705.0
MinimumVisualStudioVersion = 10.0.40219.1
Project("{FAE04EC0-301F-11D3-BF4B-00C04F79EFBC}") = "helloWorld", "helloWorld\helloWorld.csproj", "{48416F19-5977-46CE-938E-CE010DD3F839}"
EndProject
Global
	GlobalSection(SolutionConfigurationPlatforms) = preSolution
		Debug|Any CPU = Debug|Any CPU
		Release|Any CPU = Release|Any CPU
	EndGlobalSection
	GlobalSection(ProjectConfigurationPlatforms) = postSolution
		{48416F19-5977-46CE-938E-CE010DD3F839}.Debug|Any CPU.ActiveCfg = Debug|Any CPU
		{48416F19-5977-46CE-938E-CE010DD3F839}.Debug|Any CPU.Build.0 = Debug|Any CPU
		{48416F19-5977-46CE-938E-CE010DD3F839}.Release|Any CPU.ActiveCfg = Release|Any CPU
		{48416F19-5977-46CE-938E-CE010DD3F839}.Release|Any CPU.Build.0 = Release|Any CPU
	EndGlobalSection
	GlobalSection(SolutionProperties) = preSolution
		HideSolutionNode = FALSE
	EndGlobalSection
	GlobalSection(ExtensibilityGlobals) = postSolution
		SolutionGuid = {E6721972-F1A3-478B-9D34-1ECD7976915A}
	EndGlobalSection
EndGlobal
